# THIS IS AN AUTOGENERATED FILE. DO NOT EDIT THIS FILE DIRECTLY.
# yarn lockfile v1


find-exec@1.0.2:
  version "1.0.2"
  resolved "https://registry.yarnpkg.com/find-exec/-/find-exec-1.0.2.tgz#dd90e77ef50ab380bdb2f6cc508a386606f3d3bd"
  integrity sha512-/cs763F5i7Nm/aG+hjBv2nJB/Bl2w0tnuZd5bbfcV+WYapn8T4ez3B87H6MgvsmdheDkitj/rHi557wvE+XylQ==

node-aplay@^1.0.3:
  version "1.0.3"
  resolved "https://registry.yarnpkg.com/node-aplay/-/node-aplay-1.0.3.tgz#6aa7a47f9f9ef848c34de07a5a2b507192df978e"
  integrity sha512-sZmdPpIxHeAjOdP4lQy7hRfUQYdAabodx4+zedSf5Slpm36yWdnpNTLP3jZEsKBZfIIyvzZlCpRvP32skKjHnw==

node-cron@^3.0.2:
  version "3.0.2"
  resolved "https://registry.yarnpkg.com/node-cron/-/node-cron-3.0.2.tgz#bb0681342bd2dfb568f28e464031280e7f06bd01"
  integrity sha512-iP8l0yGlNpE0e6q1o185yOApANRe47UPbLf4YxfbiNHt/RU5eBcGB/e0oudruheSf+LQeDMezqC5BVAb5wwRcQ==
  dependencies:
    uuid "8.3.2"

play-sound@^1.1.5:
  version "1.1.5"
  resolved "https://registry.yarnpkg.com/play-sound/-/play-sound-1.1.5.tgz#5b44aa0ed59e2ec2f80710210ed783c79b6fb854"
  integrity sha512-gbdF1iLNyL5r9Ne9YwARGMkrvfR4EL9G1ZLtFPLkI2tQt0kkHw5CHM5E6Gl/lDuuk/Uj/O5Q29Bi08jMK4egbA==
  dependencies:
    find-exec "1.0.2"

uuid@8.3.2:
  version "8.3.2"
  resolved "https://registry.yarnpkg.com/uuid/-/uuid-8.3.2.tgz#80d5b5ced271bb9af6c445f21a1a04c606cefbe2"
  integrity sha512-+NYs2QeMWy+GWFOEm9xnn6HCDp0l7QBD7ml8zLUmJ+93Q5NF0NocErnwkTkXVFNiX3/fpC6afS8Dhb/gz7R7eg==
